
Microsoft Visual Studio Solution File, Format Version 12.00
# Visual Studio Version 17
VisualStudioVersion = 17.3.32929.385
MinimumVisualStudioVersion = 10.0.40219.1
Project("{9A19103F-16F7-4668-BE54-9A1E7A4F7556}") = "RCL.Core.Identity.Proofing.Portal", "RCL.Core.Identity.Proofing.Portal.csproj", "{6400372A-8FFA-4DA7-BBBD-E2841D095C47}"
EndProject
Global
	GlobalSection(SolutionConfigurationPlatforms) = preSolution
		Debug|Any CPU = Debug|Any CPU
		Release|Any CPU = Release|Any CPU
	EndGlobalSection
	GlobalSection(ProjectConfigurationPlatforms) = postSolution
		{6400372A-8FFA-4DA7-BBBD-E2841D095C47}.Debug|Any CPU.ActiveCfg = Debug|Any CPU
		{6400372A-8FFA-4DA7-BBBD-E2841D095C47}.Debug|Any CPU.Build.0 = Debug|Any CPU
		{6400372A-8FFA-4DA7-BBBD-E2841D095C47}.Release|Any CPU.ActiveCfg = Release|Any CPU
		{6400372A-8FFA-4DA7-BBBD-E2841D095C47}.Release|Any CPU.Build.0 = Release|Any CPU
	EndGlobalSection
	GlobalSection(SolutionProperties) = preSolution
		HideSolutionNode = FALSE
	EndGlobalSection
	GlobalSection(ExtensibilityGlobals) = postSolution
		SolutionGuid = {752A0EC4-6375-470A-96A9-8CC07275CABF}
	EndGlobalSection
EndGlobal
